{
    "_readme": [
        "This file locks the dependencies of your project to a known state",
        "Read more about it at http://getcomposer.org/doc/01-basic-usage.md#composer-lock-the-lock-file",
        "This file is @generated automatically"
    ],
    "hash": "5e47fafacd14e9b85a2cd39b92531228",
    "packages": [],
    "packages-dev": [
        {
            "name": "erusev/parsedown",
            "version": "1.1.0",
            "source": {
                "type": "git",
                "url": "https://github.com/erusev/parsedown.git",
                "reference": "c62365adc4488e1c35a8f45ea86f7d4a22bd58a0"
            },
            "dist": {
                "type": "zip",
                "url": "https://api.github.com/repos/erusev/parsedown/zipball/c62365adc4488e1c35a8f45ea86f7d4a22bd58a0",
                "reference": "c62365adc4488e1c35a8f45ea86f7d4a22bd58a0",
                "shasum": ""
            },
            "type": "library",
            "autoload": {
                "psr-0": {
                    "Parsedown": ""
                }
            },
            "notification-url": "https://packagist.org/downloads/",
            "license": [
                "MIT"
            ],
            "authors": [
                {
                    "name": "Emanuil Rusev",
                    "email": "hello@erusev.com",
                    "homepage": "http://erusev.com"
                }
            ],
            "description": "Parser for Markdown.",
            "homepage": "http://parsedown.org",
            "keywords": [
                "markdown",
                "parser"
            ],
            "time": "2014-09-25 23:06:16"
        },
        {
            "name": "erusev/parsedown-extra",
            "version": "0.1.0",
            "source": {
                "type": "git",
                "url": "https://github.com/erusev/parsedown-extra.git",
                "reference": "bcd3930f7f10915e40513e1951a253f061d75463"
            },
            "dist": {
                "type": "zip",
                "url": "https://api.github.com/repos/erusev/parsedown-extra/zipball/bcd3930f7f10915e40513e1951a253f061d75463",
                "reference": "bcd3930f7f10915e40513e1951a253f061d75463",
                "shasum": ""
            },
            "require": {
                "erusev/parsedown": "~1.0"
            },
            "type": "library",
            "autoload": {
                "psr-0": {
                    "ParsedownExtra": ""
                }
            },
            "notification-url": "https://packagist.org/downloads/",
            "license": [
                "MIT"
            ],
            "authors": [
                {
                    "name": "Emanuil Rusev",
                    "email": "hello@erusev.com",
                    "homepage": "http://erusev.com"
                }
            ],
            "description": "An extension of Parsedown that adds support for Markdown Extra.",
            "homepage": "https://github.com/erusev/parsedown-extra",
            "keywords": [
                "markdown",
                "markdown extra",
                "parsedown",
                "parser"
            ],
            "time": "2014-06-18 23:58:16"
        },
        {
            "name": "hollodotme/treemdown",
            "version": "1.0.9",
            "source": {
                "type": "git",
                "url": "https://github.com/hollodotme/TreeMDown.git",
                "reference": "636e1d74f25928d025f8c5b7c7e9d54d5d76b4a5"
            },
            "dist": {
                "type": "zip",
                "url": "https://api.github.com/repos/hollodotme/TreeMDown/zipball/636e1d74f25928d025f8c5b7c7e9d54d5d76b4a5",
                "reference": "636e1d74f25928d025f8c5b7c7e9d54d5d76b4a5",
                "shasum": ""
            },
            "require": {
                "erusev/parsedown-extra": "~0.1.0",
                "php": ">=5.3"
            },
            "type": "library",
            "autoload": {
                "psr-4": {
                    "hollodotme\\TreeMDown\\": "dist/"
                }
            },
            "notification-url": "https://packagist.org/downloads/",
            "license": [
                "MIT"
            ],
            "authors": [
                {
                    "name": "Holger Woltersdorf",
                    "email": "hw@hollo.me",
                    "homepage": "http://github.com/hollodotme"
                }
            ],
            "description": "A PHP class for browsing markdown files with HTML rendering, syntax highlighting and search",
            "homepage": "http://hollo.me/treemdown",
            "keywords": [
                "grep",
                "html",
                "markdown",
                "markdown extra",
                "parser",
                "search",
                "tree"
            ],
            "time": "2014-09-16 12:43:05"
        }
    ],
    "aliases": [],
    "minimum-stability": "stable",
    "stability-flags": [],
    "prefer-stable": false,
    "platform": [],
    "platform-dev": []
}
